
Microsoft Visual Studio Solution File, Format Version 12.00
# Visual Studio Version 17
VisualStudioVersion = 17.8.34309.116
MinimumVisualStudioVersion = 10.0.40219.1
Project("{FAE04EC0-301F-11D3-BF4B-00C04F79EFBC}") = "MeasureAPIPerformance", "MeasureAPIPerformance\MeasureAPIPerformance.csproj", "{F38E83EB-9CD3-4D51-884B-902FA741F093}"
EndProject
Global
	GlobalSection(SolutionConfigurationPlatforms) = preSolution
		Debug|Any CPU = Debug|Any CPU
		Release|Any CPU = Release|Any CPU
	EndGlobalSection
	GlobalSection(ProjectConfigurationPlatforms) = postSolution
		{F38E83EB-9CD3-4D51-884B-902FA741F093}.Debug|Any CPU.ActiveCfg = Debug|Any CPU
		{F38E83EB-9CD3-4D51-884B-902FA741F093}.Debug|Any CPU.Build.0 = Debug|Any CPU
		{F38E83EB-9CD3-4D51-884B-902FA741F093}.Release|Any CPU.ActiveCfg = Release|Any CPU
		{F38E83EB-9CD3-4D51-884B-902FA741F093}.Release|Any CPU.Build.0 = Release|Any CPU
	EndGlobalSection
	GlobalSection(SolutionProperties) = preSolution
		HideSolutionNode = FALSE
	EndGlobalSection
	GlobalSection(ExtensibilityGlobals) = postSolution
		SolutionGuid = {D45C8B75-EC84-41DB-9B99-0337D458A7A5}
	EndGlobalSection
EndGlobal
